// !$*UTF8*$!
{
	archiveVersion = 1;
	classes = {
	};
	objectVersion = 56;
	objects = {

/* Begin PBXBuildFile section */
		3DD3CA062C69D1E3008E3820 /* estoreApp.swift in Sources */ = {isa = PBXBuildFile; fileRef = 3DD3CA052C69D1E3008E3820 /* estoreApp.swift */; };
		3DD3CA082C69D1E3008E3820 /* ContentView.swift in Sources */ = {isa = PBXBuildFile; fileRef = 3DD3CA072C69D1E3008E3820 /* ContentView.swift */; };
		3DD3CA0A2C69D1E5008E3820 /* Assets.xcassets in Resources */ = {isa = PBXBuildFile; fileRef = 3DD3CA092C69D1E5008E3820 /* Assets.xcassets */; };
		3DD3CA0D2C69D1E5008E3820 /* Preview Assets.xcassets in Resources */ = {isa = PBXBuildFile; fileRef = 3DD3CA0C2C69D1E5008E3820 /* Preview Assets.xcassets */; };
		3DD3CA1B2C6A2362008E3820 /* Home.swift in Sources */ = {isa = PBXBuildFile; fileRef = 3DD3CA1A2C6A2362008E3820 /* Home.swift */; };
		3DD3CA1D2C6A236D008E3820 /* Users.swift in Sources */ = {isa = PBXBuildFile; fileRef = 3DD3CA1C2C6A236D008E3820 /* Users.swift */; };
		3DD3CA1F2C6A237A008E3820 /* Search.swift in Sources */ = {isa = PBXBuildFile; fileRef = 3DD3CA1E2C6A237A008E3820 /* Search.swift */; };
		3DD3CA232C6B12B4008E3820 /* APIService.swift in Sources */ = {isa = PBXBuildFile; fileRef = 3DD3CA222C6B12B4008E3820 /* APIService.swift */; };
		3DD3CA262C6B12D1008E3820 /* Alamofire in Frameworks */ = {isa = PBXBuildFile; productRef = 3DD3CA252C6B12D1008E3820 /* Alamofire */; };
		3DD3CA282C6B12D1008E3820 /* AlamofireDynamic in Frameworks */ = {isa = PBXBuildFile; productRef = 3DD3CA272C6B12D1008E3820 /* AlamofireDynamic */; };
		3DD3CA2A2C6B13C4008E3820 /* CategoryModel.swift in Sources */ = {isa = PBXBuildFile; fileRef = 3DD3CA292C6B13C4008E3820 /* CategoryModel.swift */; };
		3DD3CA2C2C6B1ECE008E3820 /* Constant.swift in Sources */ = {isa = PBXBuildFile; fileRef = 3DD3CA2B2C6B1ECE008E3820 /* Constant.swift */; };
		3DD3CA2E2C6B330F008E3820 /* CategoryVM.swift in Sources */ = {isa = PBXBuildFile; fileRef = 3DD3CA2D2C6B330F008E3820 /* CategoryVM.swift */; };
		3DD3CA302C6B42F4008E3820 /* ProductCard.swift in Sources */ = {isa = PBXBuildFile; fileRef = 3DD3CA2F2C6B42F4008E3820 /* ProductCard.swift */; };
		3DD3CA322C6B482A008E3820 /* ProductModel.swift in Sources */ = {isa = PBXBuildFile; fileRef = 3DD3CA312C6B482A008E3820 /* ProductModel.swift */; };
		3DD3CA342C6B48EE008E3820 /* ProductVM.swift in Sources */ = {isa = PBXBuildFile; fileRef = 3DD3CA332C6B48EE008E3820 /* ProductVM.swift */; };
		3DD3CA362C6B4AA0008E3820 /* ProductList.swift in Sources */ = {isa = PBXBuildFile; fileRef = 3DD3CA352C6B4AA0008E3820 /* ProductList.swift */; };
		3DD3CA382C6B6ED0008E3820 /* ProductDetail.swift in Sources */ = {isa = PBXBuildFile; fileRef = 3DD3CA372C6B6ED0008E3820 /* ProductDetail.swift */; };
		3DD3CA3C2C6B7D13008E3820 /* ProductDetailVM.swift in Sources */ = {isa = PBXBuildFile; fileRef = 3DD3CA3B2C6B7D13008E3820 /* ProductDetailVM.swift */; };
		3DD3CA3E2C6B8BA8008E3820 /* UserModel.swift in Sources */ = {isa = PBXBuildFile; fileRef = 3DD3CA3D2C6B8BA8008E3820 /* UserModel.swift */; };
		3DD3CA402C6B8D19008E3820 /* UserVM.swift in Sources */ = {isa = PBXBuildFile; fileRef = 3DD3CA3F2C6B8D19008E3820 /* UserVM.swift */; };
		3DD563912C6C9D3A0080E05A /* UserCard.swift in Sources */ = {isa = PBXBuildFile; fileRef = 3DD563902C6C9D3A0080E05A /* UserCard.swift */; };
		3DD563932C6F4CF70080E05A /* Alamofire in Frameworks */ = {isa = PBXBuildFile; productRef = 3DD563922C6F4CF70080E05A /* Alamofire */; };
		3DD563952C6F4CF70080E05A /* AlamofireDynamic in Frameworks */ = {isa = PBXBuildFile; productRef = 3DD563942C6F4CF70080E05A /* AlamofireDynamic */; };
		3DD563982C6F63390080E05A /* ValidateImageURL.swift in Sources */ = {isa = PBXBuildFile; fileRef = 3DD563972C6F63390080E05A /* ValidateImageURL.swift */; };
		3DD5639B2C705AA90080E05A /* FormValidator in Frameworks */ = {isa = PBXBuildFile; productRef = 3DD5639A2C705AA90080E05A /* FormValidator */; };
		3DD5639D2C7066150080E05A /* AddProductForm.swift in Sources */ = {isa = PBXBuildFile; fileRef = 3DD5639C2C7066150080E05A /* AddProductForm.swift */; };
		3DD563A12C70DFD60080E05A /* AddCategory.swift in Sources */ = {isa = PBXBuildFile; fileRef = 3DD563A02C70DFD60080E05A /* AddCategory.swift */; };
		3DD563A32C70F13F0080E05A /* UserDetail.swift in Sources */ = {isa = PBXBuildFile; fileRef = 3DD563A22C70F13F0080E05A /* UserDetail.swift */; };
		3DD563A52C70F1BF0080E05A /* AddProduct.swift in Sources */ = {isa = PBXBuildFile; fileRef = 3DD563A42C70F1BF0080E05A /* AddProduct.swift */; };
		3DD563A82C70FF800080E05A /* DebounceState.swift in Sources */ = {isa = PBXBuildFile; fileRef = 3DD563A72C70FF800080E05A /* DebounceState.swift */; };
/* End PBXBuildFile section */

/* Begin PBXFileReference section */
		3DD3CA022C69D1E3008E3820 /* estore.app */ = {isa = PBXFileReference; explicitFileType = wrapper.application; includeInIndex = 0; path = estore.app; sourceTree = BUILT_PRODUCTS_DIR; };
		3DD3CA052C69D1E3008E3820 /* estoreApp.swift */ = {isa = PBXFileReference; lastKnownFileType = sourcecode.swift; path = estoreApp.swift; sourceTree = "<group>"; };
		3DD3CA072C69D1E3008E3820 /* ContentView.swift */ = {isa = PBXFileReference; lastKnownFileType = sourcecode.swift; path = ContentView.swift; sourceTree = "<group>"; };
		3DD3CA092C69D1E5008E3820 /* Assets.xcassets */ = {isa = PBXFileReference; lastKnownFileType = folder.assetcatalog; path = Assets.xcassets; sourceTree = "<group>"; };
		3DD3CA0C2C69D1E5008E3820 /* Preview Assets.xcassets */ = {isa = PBXFileReference; lastKnownFileType = folder.assetcatalog; path = "Preview Assets.xcassets"; sourceTree = "<group>"; };
		3DD3CA1A2C6A2362008E3820 /* Home.swift */ = {isa = PBXFileReference; lastKnownFileType = sourcecode.swift; path = Home.swift; sourceTree = "<group>"; };
		3DD3CA1C2C6A236D008E3820 /* Users.swift */ = {isa = PBXFileReference; lastKnownFileType = sourcecode.swift; path = Users.swift; sourceTree = "<group>"; };
		3DD3CA1E2C6A237A008E3820 /* Search.swift */ = {isa = PBXFileReference; lastKnownFileType = sourcecode.swift; path = Search.swift; sourceTree = "<group>"; };
		3DD3CA222C6B12B4008E3820 /* APIService.swift */ = {isa = PBXFileReference; lastKnownFileType = sourcecode.swift; path = APIService.swift; sourceTree = "<group>"; };
		3DD3CA292C6B13C4008E3820 /* CategoryModel.swift */ = {isa = PBXFileReference; lastKnownFileType = sourcecode.swift; path = CategoryModel.swift; sourceTree = "<group>"; };
		3DD3CA2B2C6B1ECE008E3820 /* Constant.swift */ = {isa = PBXFileReference; lastKnownFileType = sourcecode.swift; path = Constant.swift; sourceTree = "<group>"; };
		3DD3CA2D2C6B330F008E3820 /* CategoryVM.swift */ = {isa = PBXFileReference; lastKnownFileType = sourcecode.swift; path = CategoryVM.swift; sourceTree = "<group>"; };
		3DD3CA2F2C6B42F4008E3820 /* ProductCard.swift */ = {isa = PBXFileReference; lastKnownFileType = sourcecode.swift; path = ProductCard.swift; sourceTree = "<group>"; };
		3DD3CA312C6B482A008E3820 /* ProductModel.swift */ = {isa = PBXFileReference; lastKnownFileType = sourcecode.swift; path = ProductModel.swift; sourceTree = "<group>"; };
		3DD3CA332C6B48EE008E3820 /* ProductVM.swift */ = {isa = PBXFileReference; lastKnownFileType = sourcecode.swift; path = ProductVM.swift; sourceTree = "<group>"; };
		3DD3CA352C6B4AA0008E3820 /* ProductList.swift */ = {isa = PBXFileReference; lastKnownFileType = sourcecode.swift; path = ProductList.swift; sourceTree = "<group>"; };
		3DD3CA372C6B6ED0008E3820 /* ProductDetail.swift */ = {isa = PBXFileReference; lastKnownFileType = sourcecode.swift; path = ProductDetail.swift; sourceTree = "<group>"; };
		3DD3CA3B2C6B7D13008E3820 /* ProductDetailVM.swift */ = {isa = PBXFileReference; lastKnownFileType = sourcecode.swift; path = ProductDetailVM.swift; sourceTree = "<group>"; };
		3DD3CA3D2C6B8BA8008E3820 /* UserModel.swift */ = {isa = PBXFileReference; lastKnownFileType = sourcecode.swift; path = UserModel.swift; sourceTree = "<group>"; };
		3DD3CA3F2C6B8D19008E3820 /* UserVM.swift */ = {isa = PBXFileReference; lastKnownFileType = sourcecode.swift; path = UserVM.swift; sourceTree = "<group>"; };
		3DD563902C6C9D3A0080E05A /* UserCard.swift */ = {isa = PBXFileReference; lastKnownFileType = sourcecode.swift; path = UserCard.swift; sourceTree = "<group>"; };
		3DD563972C6F63390080E05A /* ValidateImageURL.swift */ = {isa = PBXFileReference; lastKnownFileType = sourcecode.swift; path = ValidateImageURL.swift; sourceTree = "<group>"; };
		3DD5639C2C7066150080E05A /* AddProductForm.swift */ = {isa = PBXFileReference; lastKnownFileType = sourcecode.swift; path = AddProductForm.swift; sourceTree = "<group>"; };
		3DD563A02C70DFD60080E05A /* AddCategory.swift */ = {isa = PBXFileReference; lastKnownFileType = sourcecode.swift; path = AddCategory.swift; sourceTree = "<group>"; };
		3DD563A22C70F13F0080E05A /* UserDetail.swift */ = {isa = PBXFileReference; lastKnownFileType = sourcecode.swift; path = UserDetail.swift; sourceTree = "<group>"; };
		3DD563A42C70F1BF0080E05A /* AddProduct.swift */ = {isa = PBXFileReference; lastKnownFileType = sourcecode.swift; path = AddProduct.swift; sourceTree = "<group>"; };
		3DD563A72C70FF800080E05A /* DebounceState.swift */ = {isa = PBXFileReference; lastKnownFileType = sourcecode.swift; path = DebounceState.swift; sourceTree = "<group>"; };
/* End PBXFileReference section */

/* Begin PBXFrameworksBuildPhase section */
		3DD3C9FF2C69D1E3008E3820 /* Frameworks */ = {
			isa = PBXFrameworksBuildPhase;
			buildActionMask = 2147483647;
			files = (
				3DD5639B2C705AA90080E05A /* FormValidator in Frameworks */,
				3DD563932C6F4CF70080E05A /* Alamofire in Frameworks */,
				3DD563952C6F4CF70080E05A /* AlamofireDynamic in Frameworks */,
				3DD3CA262C6B12D1008E3820 /* Alamofire in Frameworks */,
				3DD3CA282C6B12D1008E3820 /* AlamofireDynamic in Frameworks */,
			);
			runOnlyForDeploymentPostprocessing = 0;
		};
/* End PBXFrameworksBuildPhase section */

/* Begin PBXGroup section */
		3DD3C9F92C69D1E3008E3820 = {
			isa = PBXGroup;
			children = (
				3DD3CA042C69D1E3008E3820 /* estore */,
				3DD3CA032C69D1E3008E3820 /* Products */,
			);
			sourceTree = "<group>";
		};
		3DD3CA032C69D1E3008E3820 /* Products */ = {
			isa = PBXGroup;
			children = (
				3DD3CA022C69D1E3008E3820 /* estore.app */,
			);
			name = Products;
			sourceTree = "<group>";
		};
		3DD3CA042C69D1E3008E3820 /* estore */ = {
			isa = PBXGroup;
			children = (
				3DD563A62C70FF710080E05A /* Helpers */,
				3DD563962C6F62E70080E05A /* Utils */,
				3DD3CA182C69D348008E3820 /* App */,
				3DD3CA152C69D306008E3820 /* PageViews */,
				3DD3CA142C69D300008E3820 /* Views */,
				3DD3CA172C69D333008E3820 /* ViewModel */,
				3DD3CA132C69D2F8008E3820 /* Models */,
				3DD3CA162C69D32C008E3820 /* Services */,
				3DD3CA192C69D37D008E3820 /* Resources */,
				3DD3CA0B2C69D1E5008E3820 /* Preview Content */,
			);
			path = estore;
			sourceTree = "<group>";
		};
		3DD3CA0B2C69D1E5008E3820 /* Preview Content */ = {
			isa = PBXGroup;
			children = (
				3DD3CA0C2C69D1E5008E3820 /* Preview Assets.xcassets */,
			);
			path = "Preview Content";
			sourceTree = "<group>";
		};
		3DD3CA132C69D2F8008E3820 /* Models */ = {
			isa = PBXGroup;
			children = (
				3DD3CA292C6B13C4008E3820 /* CategoryModel.swift */,
				3DD3CA3D2C6B8BA8008E3820 /* UserModel.swift */,
				3DD3CA312C6B482A008E3820 /* ProductModel.swift */,
			);
			path = Models;
			sourceTree = "<group>";
		};
		3DD3CA142C69D300008E3820 /* Views */ = {
			isa = PBXGroup;
			children = (
				3DD3CA2F2C6B42F4008E3820 /* ProductCard.swift */,
				3DD563902C6C9D3A0080E05A /* UserCard.swift */,
				3DD563A42C70F1BF0080E05A /* AddProduct.swift */,
				3DD563A22C70F13F0080E05A /* UserDetail.swift */,
			);
			path = Views;
			sourceTree = "<group>";
		};
		3DD3CA152C69D306008E3820 /* PageViews */ = {
			isa = PBXGroup;
			children = (
				3DD3CA1A2C6A2362008E3820 /* Home.swift */,
				3DD3CA352C6B4AA0008E3820 /* ProductList.swift */,
				3DD3CA372C6B6ED0008E3820 /* ProductDetail.swift */,
				3DD3CA1C2C6A236D008E3820 /* Users.swift */,
				3DD563A02C70DFD60080E05A /* AddCategory.swift */,
				3DD3CA1E2C6A237A008E3820 /* Search.swift */,
			);
			path = PageViews;
			sourceTree = "<group>";
		};
		3DD3CA162C69D32C008E3820 /* Services */ = {
			isa = PBXGroup;
			children = (
				3DD3CA222C6B12B4008E3820 /* APIService.swift */,
				3DD3CA2B2C6B1ECE008E3820 /* Constant.swift */,
			);
			path = Services;
			sourceTree = "<group>";
		};
		3DD3CA172C69D333008E3820 /* ViewModel */ = {
			isa = PBXGroup;
			children = (
				3DD3CA2D2C6B330F008E3820 /* CategoryVM.swift */,
				3DD5639C2C7066150080E05A /* AddProductForm.swift */,
				3DD3CA3F2C6B8D19008E3820 /* UserVM.swift */,
				3DD3CA3B2C6B7D13008E3820 /* ProductDetailVM.swift */,
				3DD3CA332C6B48EE008E3820 /* ProductVM.swift */,
			);
			path = ViewModel;
			sourceTree = "<group>";
		};
		3DD3CA182C69D348008E3820 /* App */ = {
			isa = PBXGroup;
			children = (
				3DD3CA052C69D1E3008E3820 /* estoreApp.swift */,
				3DD3CA072C69D1E3008E3820 /* ContentView.swift */,
			);
			path = App;
			sourceTree = "<group>";
		};
		3DD3CA192C69D37D008E3820 /* Resources */ = {
			isa = PBXGroup;
			children = (
				3DD3CA092C69D1E5008E3820 /* Assets.xcassets */,
			);
			path = Resources;
			sourceTree = "<group>";
		};
		3DD563962C6F62E70080E05A /* Utils */ = {
			isa = PBXGroup;
			children = (
				3DD563972C6F63390080E05A /* ValidateImageURL.swift */,
			);
			path = Utils;
			sourceTree = "<group>";
		};
		3DD563A62C70FF710080E05A /* Helpers */ = {
			isa = PBXGroup;
			children = (
				3DD563A72C70FF800080E05A /* DebounceState.swift */,
			);
			path = Helpers;
			sourceTree = "<group>";
		};
/* End PBXGroup section */

/* Begin PBXNativeTarget section */
		3DD3CA012C69D1E3008E3820 /* estore */ = {
			isa = PBXNativeTarget;
			buildConfigurationList = 3DD3CA102C69D1E5008E3820 /* Build configuration list for PBXNativeTarget "estore" */;
			buildPhases = (
				3DD3C9FE2C69D1E3008E3820 /* Sources */,
				3DD3C9FF2C69D1E3008E3820 /* Frameworks */,
				3DD3CA002C69D1E3008E3820 /* Resources */,
			);
			buildRules = (
			);
			dependencies = (
			);
			name = estore;
			packageProductDependencies = (
				3DD3CA252C6B12D1008E3820 /* Alamofire */,
				3DD3CA272C6B12D1008E3820 /* AlamofireDynamic */,
				3DD563922C6F4CF70080E05A /* Alamofire */,
				3DD563942C6F4CF70080E05A /* AlamofireDynamic */,
				3DD5639A2C705AA90080E05A /* FormValidator */,
			);
			productName = estore;
			productReference = 3DD3CA022C69D1E3008E3820 /* estore.app */;
			productType = "com.apple.product-type.application";
		};
/* End PBXNativeTarget section */

/* Begin PBXProject section */
		3DD3C9FA2C69D1E3008E3820 /* Project object */ = {
			isa = PBXProject;
			attributes = {
				BuildIndependentTargetsInParallel = 1;
				LastSwiftUpdateCheck = 1520;
				LastUpgradeCheck = 1520;
				TargetAttributes = {
					3DD3CA012C69D1E3008E3820 = {
						CreatedOnToolsVersion = 15.2;
					};
				};
			};
			buildConfigurationList = 3DD3C9FD2C69D1E3008E3820 /* Build configuration list for PBXProject "estore" */;
			compatibilityVersion = "Xcode 14.0";
			developmentRegion = en;
			hasScannedForEncodings = 0;
			knownRegions = (
				en,
				Base,
			);
			mainGroup = 3DD3C9F92C69D1E3008E3820;
			packageReferences = (
				3DD3CA242C6B12D1008E3820 /* XCRemoteSwiftPackageReference "Alamofire" */,
				3DD563992C705AA90080E05A /* XCRemoteSwiftPackageReference "SwiftUIFormValidator" */,
			);
			productRefGroup = 3DD3CA032C69D1E3008E3820 /* Products */;
			projectDirPath = "";
			projectRoot = "";
			targets = (
				3DD3CA012C69D1E3008E3820 /* estore */,
			);
		};
/* End PBXProject section */

/* Begin PBXResourcesBuildPhase section */
		3DD3CA002C69D1E3008E3820 /* Resources */ = {
			isa = PBXResourcesBuildPhase;
			buildActionMask = 2147483647;
			files = (
				3DD3CA0D2C69D1E5008E3820 /* Preview Assets.xcassets in Resources */,
				3DD3CA0A2C69D1E5008E3820 /* Assets.xcassets in Resources */,
			);
			runOnlyForDeploymentPostprocessing = 0;
		};
/* End PBXResourcesBuildPhase section */

/* Begin PBXSourcesBuildPhase section */
		3DD3C9FE2C69D1E3008E3820 /* Sources */ = {
			isa = PBXSourcesBuildPhase;
			buildActionMask = 2147483647;
			files = (
				3DD3CA1D2C6A236D008E3820 /* Users.swift in Sources */,
				3DD3CA342C6B48EE008E3820 /* ProductVM.swift in Sources */,
				3DD3CA3C2C6B7D13008E3820 /* ProductDetailVM.swift in Sources */,
				3DD563A52C70F1BF0080E05A /* AddProduct.swift in Sources */,
				3DD563A82C70FF800080E05A /* DebounceState.swift in Sources */,
				3DD3CA232C6B12B4008E3820 /* APIService.swift in Sources */,
				3DD3CA2C2C6B1ECE008E3820 /* Constant.swift in Sources */,
				3DD3CA082C69D1E3008E3820 /* ContentView.swift in Sources */,
				3DD3CA1F2C6A237A008E3820 /* Search.swift in Sources */,
				3DD3CA402C6B8D19008E3820 /* UserVM.swift in Sources */,
				3DD563982C6F63390080E05A /* ValidateImageURL.swift in Sources */,
				3DD5639D2C7066150080E05A /* AddProductForm.swift in Sources */,
				3DD3CA3E2C6B8BA8008E3820 /* UserModel.swift in Sources */,
				3DD563A12C70DFD60080E05A /* AddCategory.swift in Sources */,
				3DD3CA1B2C6A2362008E3820 /* Home.swift in Sources */,
				3DD3CA322C6B482A008E3820 /* ProductModel.swift in Sources */,
				3DD3CA062C69D1E3008E3820 /* estoreApp.swift in Sources */,
				3DD3CA302C6B42F4008E3820 /* ProductCard.swift in Sources */,
				3DD3CA382C6B6ED0008E3820 /* ProductDetail.swift in Sources */,
				3DD3CA362C6B4AA0008E3820 /* ProductList.swift in Sources */,
				3DD563912C6C9D3A0080E05A /* UserCard.swift in Sources */,
				3DD3CA2E2C6B330F008E3820 /* CategoryVM.swift in Sources */,
				3DD3CA2A2C6B13C4008E3820 /* CategoryModel.swift in Sources */,
				3DD563A32C70F13F0080E05A /* UserDetail.swift in Sources */,
			);
			runOnlyForDeploymentPostprocessing = 0;
		};
/* End PBXSourcesBuildPhase section */

/* Begin XCBuildConfiguration section */
		3DD3CA0E2C69D1E5008E3820 /* Debug */ = {
			isa = XCBuildConfiguration;
			buildSettings = {
				ALWAYS_SEARCH_USER_PATHS = NO;
				ASSETCATALOG_COMPILER_GENERATE_SWIFT_ASSET_SYMBOL_EXTENSIONS = YES;
				CLANG_ANALYZER_NONNULL = YES;
				CLANG_ANALYZER_NUMBER_OBJECT_CONVERSION = YES_AGGRESSIVE;
				CLANG_CXX_LANGUAGE_STANDARD = "gnu++20";
				CLANG_ENABLE_MODULES = YES;
				CLANG_ENABLE_OBJC_ARC = YES;
				CLANG_ENABLE_OBJC_WEAK = YES;
				CLANG_WARN_BLOCK_CAPTURE_AUTORELEASING = YES;
				CLANG_WARN_BOOL_CONVERSION = YES;
				CLANG_WARN_COMMA = YES;
				CLANG_WARN_CONSTANT_CONVERSION = YES;
				CLANG_WARN_DEPRECATED_OBJC_IMPLEMENTATIONS = YES;
				CLANG_WARN_DIRECT_OBJC_ISA_USAGE = YES_ERROR;
				CLANG_WARN_DOCUMENTATION_COMMENTS = YES;
				CLANG_WARN_EMPTY_BODY = YES;
				CLANG_WARN_ENUM_CONVERSION = YES;
				CLANG_WARN_INFINITE_RECURSION = YES;
				CLANG_WARN_INT_CONVERSION = YES;
				CLANG_WARN_NON_LITERAL_NULL_CONVERSION = YES;
				CLANG_WARN_OBJC_IMPLICIT_RETAIN_SELF = YES;
				CLANG_WARN_OBJC_LITERAL_CONVERSION = YES;
				CLANG_WARN_OBJC_ROOT_CLASS = YES_ERROR;
				CLANG_WARN_QUOTED_INCLUDE_IN_FRAMEWORK_HEADER = YES;
				CLANG_WARN_RANGE_LOOP_ANALYSIS = YES;
				CLANG_WARN_STRICT_PROTOTYPES = YES;
				CLANG_WARN_SUSPICIOUS_MOVE = YES;
				CLANG_WARN_UNGUARDED_AVAILABILITY = YES_AGGRESSIVE;
				CLANG_WARN_UNREACHABLE_CODE = YES;
				CLANG_WARN__DUPLICATE_METHOD_MATCH = YES;
				COPY_PHASE_STRIP = NO;
				DEBUG_INFORMATION_FORMAT = dwarf;
				ENABLE_STRICT_OBJC_MSGSEND = YES;
				ENABLE_TESTABILITY = YES;
				ENABLE_USER_SCRIPT_SANDBOXING = YES;
				GCC_C_LANGUAGE_STANDARD = gnu17;
				GCC_DYNAMIC_NO_PIC = NO;
				GCC_NO_COMMON_BLOCKS = YES;
				GCC_OPTIMIZATION_LEVEL = 0;
				GCC_PREPROCESSOR_DEFINITIONS = (
					"DEBUG=1",
					"$(inherited)",
				);
				GCC_WARN_64_TO_32_BIT_CONVERSION = YES;
				GCC_WARN_ABOUT_RETURN_TYPE = YES_ERROR;
				GCC_WARN_UNDECLARED_SELECTOR = YES;
				GCC_WARN_UNINITIALIZED_AUTOS = YES_AGGRESSIVE;
				GCC_WARN_UNUSED_FUNCTION = YES;
				GCC_WARN_UNUSED_VARIABLE = YES;
				IPHONEOS_DEPLOYMENT_TARGET = 17.2;
				LOCALIZATION_PREFERS_STRING_CATALOGS = YES;
				MTL_ENABLE_DEBUG_INFO = INCLUDE_SOURCE;
				MTL_FAST_MATH = YES;
				ONLY_ACTIVE_ARCH = YES;
				SDKROOT = iphoneos;
				SWIFT_ACTIVE_COMPILATION_CONDITIONS = "DEBUG $(inherited)";
				SWIFT_OPTIMIZATION_LEVEL = "-Onone";
			};
			name = Debug;
		};
		3DD3CA0F2C69D1E5008E3820 /* Release */ = {
			isa = XCBuildConfiguration;
			buildSettings = {
				ALWAYS_SEARCH_USER_PATHS = NO;
				ASSETCATALOG_COMPILER_GENERATE_SWIFT_ASSET_SYMBOL_EXTENSIONS = YES;
				CLANG_ANALYZER_NONNULL = YES;
				CLANG_ANALYZER_NUMBER_OBJECT_CONVERSION = YES_AGGRESSIVE;
				CLANG_CXX_LANGUAGE_STANDARD = "gnu++20";
				CLANG_ENABLE_MODULES = YES;
				CLANG_ENABLE_OBJC_ARC = YES;
				CLANG_ENABLE_OBJC_WEAK = YES;
				CLANG_WARN_BLOCK_CAPTURE_AUTORELEASING = YES;
				CLANG_WARN_BOOL_CONVERSION = YES;
				CLANG_WARN_COMMA = YES;
				CLANG_WARN_CONSTANT_CONVERSION = YES;
				CLANG_WARN_DEPRECATED_OBJC_IMPLEMENTATIONS = YES;
				CLANG_WARN_DIRECT_OBJC_ISA_USAGE = YES_ERROR;
				CLANG_WARN_DOCUMENTATION_COMMENTS = YES;
				CLANG_WARN_EMPTY_BODY = YES;
				CLANG_WARN_ENUM_CONVERSION = YES;
				CLANG_WARN_INFINITE_RECURSION = YES;
				CLANG_WARN_INT_CONVERSION = YES;
				CLANG_WARN_NON_LITERAL_NULL_CONVERSION = YES;
				CLANG_WARN_OBJC_IMPLICIT_RETAIN_SELF = YES;
				CLANG_WARN_OBJC_LITERAL_CONVERSION = YES;
				CLANG_WARN_OBJC_ROOT_CLASS = YES_ERROR;
				CLANG_WARN_QUOTED_INCLUDE_IN_FRAMEWORK_HEADER = YES;
				CLANG_WARN_RANGE_LOOP_ANALYSIS = YES;
				CLANG_WARN_STRICT_PROTOTYPES = YES;
				CLANG_WARN_SUSPICIOUS_MOVE = YES;
				CLANG_WARN_UNGUARDED_AVAILABILITY = YES_AGGRESSIVE;
				CLANG_WARN_UNREACHABLE_CODE = YES;
				CLANG_WARN__DUPLICATE_METHOD_MATCH = YES;
				COPY_PHASE_STRIP = NO;
				DEBUG_INFORMATION_FORMAT = "dwarf-with-dsym";
				ENABLE_NS_ASSERTIONS = NO;
				ENABLE_STRICT_OBJC_MSGSEND = YES;
				ENABLE_USER_SCRIPT_SANDBOXING = YES;
				GCC_C_LANGUAGE_STANDARD = gnu17;
				GCC_NO_COMMON_BLOCKS = YES;
				GCC_WARN_64_TO_32_BIT_CONVERSION = YES;
				GCC_WARN_ABOUT_RETURN_TYPE = YES_ERROR;
				GCC_WARN_UNDECLARED_SELECTOR = YES;
				GCC_WARN_UNINITIALIZED_AUTOS = YES_AGGRESSIVE;
				GCC_WARN_UNUSED_FUNCTION = YES;
				GCC_WARN_UNUSED_VARIABLE = YES;
				IPHONEOS_DEPLOYMENT_TARGET = 17.2;
				LOCALIZATION_PREFERS_STRING_CATALOGS = YES;
				MTL_ENABLE_DEBUG_INFO = NO;
				MTL_FAST_MATH = YES;
				SDKROOT = iphoneos;
				SWIFT_COMPILATION_MODE = wholemodule;
				VALIDATE_PRODUCT = YES;
			};
			name = Release;
		};
		3DD3CA112C69D1E5008E3820 /* Debug */ = {
			isa = XCBuildConfiguration;
			buildSettings = {
				ASSETCATALOG_COMPILER_APPICON_NAME = AppIcon;
				ASSETCATALOG_COMPILER_GLOBAL_ACCENT_COLOR_NAME = AccentColor;
				CODE_SIGN_STYLE = Automatic;
				CURRENT_PROJECT_VERSION = 1;
				DEVELOPMENT_ASSET_PATHS = "\"estore/Preview Content\"";
				DEVELOPMENT_TEAM = BKU4KXV48R;
				ENABLE_PREVIEWS = YES;
				GENERATE_INFOPLIST_FILE = YES;
				INFOPLIST_KEY_UIApplicationSceneManifest_Generation = YES;
				INFOPLIST_KEY_UIApplicationSupportsIndirectInputEvents = YES;
				INFOPLIST_KEY_UILaunchScreen_Generation = YES;
				INFOPLIST_KEY_UISupportedInterfaceOrientations_iPad = "UIInterfaceOrientationPortrait UIInterfaceOrientationPortraitUpsideDown UIInterfaceOrientationLandscapeLeft UIInterfaceOrientationLandscapeRight";
				INFOPLIST_KEY_UISupportedInterfaceOrientations_iPhone = "UIInterfaceOrientationPortrait UIInterfaceOrientationLandscapeLeft UIInterfaceOrientationLandscapeRight";
				LD_RUNPATH_SEARCH_PATHS = (
					"$(inherited)",
					"@executable_path/Frameworks",
				);
				MARKETING_VERSION = 1.0;
				PRODUCT_BUNDLE_IDENTIFIER = com.nadialovely.estore;
				PRODUCT_NAME = "$(TARGET_NAME)";
				SWIFT_EMIT_LOC_STRINGS = YES;
				SWIFT_VERSION = 5.0;
				TARGETED_DEVICE_FAMILY = "1,2";
			};
			name = Debug;
		};
		3DD3CA122C69D1E5008E3820 /* Release */ = {
			isa = XCBuildConfiguration;
			buildSettings = {
				ASSETCATALOG_COMPILER_APPICON_NAME = AppIcon;
				ASSETCATALOG_COMPILER_GLOBAL_ACCENT_COLOR_NAME = AccentColor;
				CODE_SIGN_STYLE = Automatic;
				CURRENT_PROJECT_VERSION = 1;
				DEVELOPMENT_ASSET_PATHS = "\"estore/Preview Content\"";
				DEVELOPMENT_TEAM = BKU4KXV48R;
				ENABLE_PREVIEWS = YES;
				GENERATE_INFOPLIST_FILE = YES;
				INFOPLIST_KEY_UIApplicationSceneManifest_Generation = YES;
				INFOPLIST_KEY_UIApplicationSupportsIndirectInputEvents = YES;
				INFOPLIST_KEY_UILaunchScreen_Generation = YES;
				INFOPLIST_KEY_UISupportedInterfaceOrientations_iPad = "UIInterfaceOrientationPortrait UIInterfaceOrientationPortraitUpsideDown UIInterfaceOrientationLandscapeLeft UIInterfaceOrientationLandscapeRight";
				INFOPLIST_KEY_UISupportedInterfaceOrientations_iPhone = "UIInterfaceOrientationPortrait UIInterfaceOrientationLandscapeLeft UIInterfaceOrientationLandscapeRight";
				LD_RUNPATH_SEARCH_PATHS = (
					"$(inherited)",
					"@executable_path/Frameworks",
				);
				MARKETING_VERSION = 1.0;
				PRODUCT_BUNDLE_IDENTIFIER = com.nadialovely.estore;
				PRODUCT_NAME = "$(TARGET_NAME)";
				SWIFT_EMIT_LOC_STRINGS = YES;
				SWIFT_VERSION = 5.0;
				TARGETED_DEVICE_FAMILY = "1,2";
			};
			name = Release;
		};
/* End XCBuildConfiguration section */

/* Begin XCConfigurationList section */
		3DD3C9FD2C69D1E3008E3820 /* Build configuration list for PBXProject "estore" */ = {
			isa = XCConfigurationList;
			buildConfigurations = (
				3DD3CA0E2C69D1E5008E3820 /* Debug */,
				3DD3CA0F2C69D1E5008E3820 /* Release */,
			);
			defaultConfigurationIsVisible = 0;
			defaultConfigurationName = Release;
		};
		3DD3CA102C69D1E5008E3820 /* Build configuration list for PBXNativeTarget "estore" */ = {
			isa = XCConfigurationList;
			buildConfigurations = (
				3DD3CA112C69D1E5008E3820 /* Debug */,
				3DD3CA122C69D1E5008E3820 /* Release */,
			);
			defaultConfigurationIsVisible = 0;
			defaultConfigurationName = Release;
		};
/* End XCConfigurationList section */

/* Begin XCRemoteSwiftPackageReference section */
		3DD3CA242C6B12D1008E3820 /* XCRemoteSwiftPackageReference "Alamofire" */ = {
			isa = XCRemoteSwiftPackageReference;
			repositoryURL = "https://github.com/Alamofire/Alamofire";
			requirement = {
				kind = upToNextMajorVersion;
				minimumVersion = 5.9.1;
			};
		};
		3DD563992C705AA90080E05A /* XCRemoteSwiftPackageReference "SwiftUIFormValidator" */ = {
			isa = XCRemoteSwiftPackageReference;
			repositoryURL = "https://github.com/Open-Bytes/SwiftUIFormValidator";
			requirement = {
				kind = upToNextMajorVersion;
				minimumVersion = 1.0.4;
			};
		};
/* End XCRemoteSwiftPackageReference section */

/* Begin XCSwiftPackageProductDependency section */
		3DD3CA252C6B12D1008E3820 /* Alamofire */ = {
			isa = XCSwiftPackageProductDependency;
			package = 3DD3CA242C6B12D1008E3820 /* XCRemoteSwiftPackageReference "Alamofire" */;
			productName = Alamofire;
		};
		3DD3CA272C6B12D1008E3820 /* AlamofireDynamic */ = {
			isa = XCSwiftPackageProductDependency;
			package = 3DD3CA242C6B12D1008E3820 /* XCRemoteSwiftPackageReference "Alamofire" */;
			productName = AlamofireDynamic;
		};
		3DD563922C6F4CF70080E05A /* Alamofire */ = {
			isa = XCSwiftPackageProductDependency;
			package = 3DD3CA242C6B12D1008E3820 /* XCRemoteSwiftPackageReference "Alamofire" */;
			productName = Alamofire;
		};
		3DD563942C6F4CF70080E05A /* AlamofireDynamic */ = {
			isa = XCSwiftPackageProductDependency;
			package = 3DD3CA242C6B12D1008E3820 /* XCRemoteSwiftPackageReference "Alamofire" */;
			productName = AlamofireDynamic;
		};
		3DD5639A2C705AA90080E05A /* FormValidator */ = {
			isa = XCSwiftPackageProductDependency;
			package = 3DD563992C705AA90080E05A /* XCRemoteSwiftPackageReference "SwiftUIFormValidator" */;
			productName = FormValidator;
		};
/* End XCSwiftPackageProductDependency section */
	};
	rootObject = 3DD3C9FA2C69D1E3008E3820 /* Project object */;
}
